
Microsoft Visual Studio Solution File, Format Version 12.00
# Visual Studio Version 17
VisualStudioVersion = 17.11.35222.181
MinimumVisualStudioVersion = 10.0.40219.1
Project("{FAE04EC0-301F-11D3-BF4B-00C04F79EFBC}") = "ProducerRMQ", "ProducerRMQ\ProducerRMQ.csproj", "{308506EC-2ABE-4021-B4E9-CC04534DEC7E}"
EndProject
Project("{FAE04EC0-301F-11D3-BF4B-00C04F79EFBC}") = "ConsumerRMQ", "ConsumerRMQ\ConsumerRMQ.csproj", "{94569852-212E-4AE4-A90F-167E85748295}"
EndProject
Global
	GlobalSection(SolutionConfigurationPlatforms) = preSolution
		Debug|Any CPU = Debug|Any CPU
		Release|Any CPU = Release|Any CPU
	EndGlobalSection
	GlobalSection(ProjectConfigurationPlatforms) = postSolution
		{308506EC-2ABE-4021-B4E9-CC04534DEC7E}.Debug|Any CPU.ActiveCfg = Debug|Any CPU
		{308506EC-2ABE-4021-B4E9-CC04534DEC7E}.Debug|Any CPU.Build.0 = Debug|Any CPU
		{308506EC-2ABE-4021-B4E9-CC04534DEC7E}.Release|Any CPU.ActiveCfg = Release|Any CPU
		{308506EC-2ABE-4021-B4E9-CC04534DEC7E}.Release|Any CPU.Build.0 = Release|Any CPU
		{94569852-212E-4AE4-A90F-167E85748295}.Debug|Any CPU.ActiveCfg = Debug|Any CPU
		{94569852-212E-4AE4-A90F-167E85748295}.Debug|Any CPU.Build.0 = Debug|Any CPU
		{94569852-212E-4AE4-A90F-167E85748295}.Release|Any CPU.ActiveCfg = Release|Any CPU
		{94569852-212E-4AE4-A90F-167E85748295}.Release|Any CPU.Build.0 = Release|Any CPU
	EndGlobalSection
	GlobalSection(SolutionProperties) = preSolution
		HideSolutionNode = FALSE
	EndGlobalSection
	GlobalSection(ExtensibilityGlobals) = postSolution
		SolutionGuid = {E4289A78-7118-497B-AB90-3704BAB4EAB4}
	EndGlobalSection
EndGlobal
